
Microsoft Visual Studio Solution File, Format Version 12.00
# Visual Studio Version 17
VisualStudioVersion = 17.3.32519.111
MinimumVisualStudioVersion = 10.0.40219.1
Project("{FAE04EC0-301F-11D3-BF4B-00C04F79EFBC}") = "WinAspeak", "WinAspeak\WinAspeak.csproj", "{14E92DB3-8236-41EE-A61D-3681F818569A}"
EndProject
Global
	GlobalSection(SolutionConfigurationPlatforms) = preSolution
		Debug|Any CPU = Debug|Any CPU
		Release|Any CPU = Release|Any CPU
	EndGlobalSection
	GlobalSection(ProjectConfigurationPlatforms) = postSolution
		{14E92DB3-8236-41EE-A61D-3681F818569A}.Debug|Any CPU.ActiveCfg = Debug|Any CPU
		{14E92DB3-8236-41EE-A61D-3681F818569A}.Debug|Any CPU.Build.0 = Debug|Any CPU
		{14E92DB3-8236-41EE-A61D-3681F818569A}.Release|Any CPU.ActiveCfg = Release|Any CPU
		{14E92DB3-8236-41EE-A61D-3681F818569A}.Release|Any CPU.Build.0 = Release|Any CPU
	EndGlobalSection
	GlobalSection(SolutionProperties) = preSolution
		HideSolutionNode = FALSE
	EndGlobalSection
	GlobalSection(ExtensibilityGlobals) = postSolution
		SolutionGuid = {75062E90-1729-407A-8BCC-53BBCE70A47E}
	EndGlobalSection
EndGlobal
